
Microsoft Visual Studio Solution File, Format Version 12.00
# Visual Studio 14
VisualStudioVersion = 14.0.23107.0
MinimumVisualStudioVersion = 10.0.40219.1
Project("{FAE04EC0-301F-11D3-BF4B-00C04F79EFBC}") = "AuthorizationService.WebHost", "..\CDServices\AuthorizationService\AuthorizationService.WebHost\AuthorizationService.WebHost.csproj", "{CDDDFC67-54F0-4E07-A7DC-E124B174BB13}"
EndProject
Project("{FAE04EC0-301F-11D3-BF4B-00C04F79EFBC}") = "AuthorizationTestClient", "..\CDServices\AuthorizationService\AuthorizationTestClient\AuthorizationTestClient.csproj", "{FBF7FE06-7809-477D-BA77-323F2B05500F}"
EndProject
Project("{FAE04EC0-301F-11D3-BF4B-00C04F79EFBC}") = "Esq.Rbac.Client", "..\CDServices\AuthorizationService\Esq.Rbac.Client\Esq.Rbac.Client.csproj", "{C39C869D-4EDE-4D03-AE4A-C07D9FA9F5BE}"
EndProject
Project("{FAE04EC0-301F-11D3-BF4B-00C04F79EFBC}") = "ESQ.TerminalCommand", "..\CDServices\CDService\ESQ.TerminalCommand\ESQ.TerminalCommand.csproj", "{6AA45BF4-D47F-471D-942D-CC97A30AE254}"
EndProject
Project("{FAE04EC0-301F-11D3-BF4B-00C04F79EFBC}") = "CD.Authorization", "..\CDAuthorization\CD.Authorization\CD.Authorization.csproj", "{8FBE88AA-952B-4667-9112-7ED42CF35AE1}"
EndProject
Project("{FAE04EC0-301F-11D3-BF4B-00C04F79EFBC}") = "CD.AuthorizationService", "..\CDServices\AuthorizationService\CD.AuthorizationService\CD.AuthorizationService.csproj", "{8689B75B-5275-419F-A5D5-CE409543E7F4}"
EndProject
Project("{FAE04EC0-301F-11D3-BF4B-00C04F79EFBC}") = "CD.AuthorizationServiceLocalProxy", "..\CD.Shared\CD.AuthorizationServiceLocalProxy\CD.AuthorizationServiceLocalProxy.csproj", "{C2AF1237-A6F6-4ECE-B963-D67315EB100F}"
EndProject
Project("{FAE04EC0-301F-11D3-BF4B-00C04F79EFBC}") = "CD.AuthorizationServiceProxyProvider", "..\CD.Shared\CD.AuthorizationServiceProxyProvider\CD.AuthorizationServiceProxyProvider.csproj", "{4DA4B0A2-E0A1-44BB-AA13-77A2E732146D}"
EndProject
Project("{FAE04EC0-301F-11D3-BF4B-00C04F79EFBC}") = "CD.Business.Logic", "..\CDServices\CDService\CD.Business\CD.Business.Logic\CD.Business.Logic.csproj", "{8F6A61FB-C1F7-4F25-ACAA-1C39D7BAEFA4}"
EndProject
Project("{FAE04EC0-301F-11D3-BF4B-00C04F79EFBC}") = "CD.Crosscutting", "..\CD.Shared\CD.Crosscutting\CD.Crosscutting.csproj", "{3307009F-4813-472A-8F8D-5A4561E7EC18}"
EndProject
Project("{FAE04EC0-301F-11D3-BF4B-00C04F79EFBC}") = "CD.DevExpress", "..\CDServices\CDService\CD.DevExpress\CD.DevExpress.csproj", "{E45848CC-26BD-46B6-9948-909E6507DC01}"
EndProject
Project("{FAE04EC0-301F-11D3-BF4B-00C04F79EFBC}") = "CD.FilterTags", "..\CDServices\CDService\CD.FilterTags\CD.FilterTags.csproj", "{AF864B7A-6714-441C-9E00-735C8D7D6A5D}"
EndProject
Project("{FAE04EC0-301F-11D3-BF4B-00C04F79EFBC}") = "CD.Formula", "..\CD.Shared\CD.Formula\CD.Formula.csproj", "{013E6CF5-A299-414D-9370-70F9E2659880}"
EndProject
Project("{FAE04EC0-301F-11D3-BF4B-00C04F79EFBC}") = "CD.Infrastructure", "..\CD.Shared\CD.Infrastructure\CD.Infrastructure.csproj", "{AE35F421-CFF0-43D8-AC15-D0DE3F64C51A}"
EndProject
Project("{FAE04EC0-301F-11D3-BF4B-00C04F79EFBC}") = "CD.Persistance.DataProvider", "..\CD.Shared\CD.Persistance.DataProvider\CD.Persistance.DataProvider.csproj", "{16DCD1B4-F480-4124-8709-90273471479B}"
EndProject
Project("{FAE04EC0-301F-11D3-BF4B-00C04F79EFBC}") = "CD.Persistance.IncidentRepositoryProxy", "..\CDServices\CDService\CD.Persistance\CD.Persistance.IncidentRepositoryProxy\CD.Persistance.IncidentRepositoryProxy.csproj", "{E783CDF3-E8E1-4FE9-A3B5-BB6891BA6735}"
EndProject
Project("{FAE04EC0-301F-11D3-BF4B-00C04F79EFBC}") = "CD.Persistance.RepositoryProxyProvider", "..\CDServices\CDService\CD.Persistance\CD.Persistance.RepositoryProxyProvider\CD.Persistance.RepositoryProxyProvider.csproj", "{1ED18426-7890-4A3B-B0F7-62D0B4165279}"
EndProject
Project("{FAE04EC0-301F-11D3-BF4B-00C04F79EFBC}") = "CD.Rbac.Security", "..\CDServices\AuthorizationService\CD.Rbac.Security\CD.Rbac.Security.csproj", "{99126E75-37D2-4C0C-9797-59CC14BD5F98}"
EndProject
Project("{FAE04EC0-301F-11D3-BF4B-00C04F79EFBC}") = "CD.Service", "..\CDServices\CDService\CD.Service\CD.Service.csproj", "{7456649E-0E50-4EE0-A397-6DC8640B3500}"
EndProject
Project("{FAE04EC0-301F-11D3-BF4B-00C04F79EFBC}") = "CD.Service.Localization", "..\CDServices\CDService\CD.Service.Localization\CD.Service.Localization.csproj", "{A033D085-98E6-4FDA-8FF7-BAAD8F4AE4B9}"
EndProject
Project("{FAE04EC0-301F-11D3-BF4B-00C04F79EFBC}") = "CD.WebHost", "..\CDServices\CDService\CD.WebHost\CD.WebHost.csproj", "{2EC0C6E3-0AEC-4C94-871E-7A1322A7B86B}"
EndProject
Project("{FAE04EC0-301F-11D3-BF4B-00C04F79EFBC}") = "CD.TerminalSet.Security", "..\CDServices\AuthorizationService\CD.TerminalSet.Security\CD.TerminalSet.Security.csproj", "{95685E1A-CE5E-4D0C-93FC-CE30554E06E6}"
EndProject
Project("{FAE04EC0-301F-11D3-BF4B-00C04F79EFBC}") = "CD.TransitionsWorkflow", "..\CD.Shared\CD.TransitionsWorkflow\CD.TransitionsWorkflow.csproj", "{130A02A4-FF8A-48DD-BFA5-C77AF43AAAC9}"
EndProject
Project("{FAE04EC0-301F-11D3-BF4B-00C04F79EFBC}") = "CD.WebApiService", "..\CDServices\CDService\CD.WebApiService\CD.WebApiService.csproj", "{FF60DAD2-F3C4-48B5-AFC8-EC9BE8DDE94B}"
EndProject
Project("{FAE04EC0-301F-11D3-BF4B-00C04F79EFBC}") = "CD.WebMessageHandler", "..\CDServices\CDService\CD.WebMessageHandler\CD.WebMessageHandler.csproj", "{08D6E2B6-80B8-4576-8826-8409DE25D555}"
EndProject
Project("{FAE04EC0-301F-11D3-BF4B-00C04F79EFBC}") = "CD.Common.Contracts", "..\CDClient\Common\CD.Common.Contracts\CD.Common.Contracts.csproj", "{50ADB042-DB9D-4383-9279-162AAB88A782}"
EndProject
Project("{FAE04EC0-301F-11D3-BF4B-00C04F79EFBC}") = "CD.Common.Objects", "..\CDClient\Common\CD.Common.Objects\CD.Common.Objects.csproj", "{F9A175DD-E1B2-4B3F-9ED0-F2BB06FA3FF6}"
EndProject
Project("{FAE04EC0-301F-11D3-BF4B-00C04F79EFBC}") = "CD.Presentation.Adapters", "..\CDClient\Presentation\CD.Presentation.Adapters\CD.Presentation.Adapters.csproj", "{38B98EBA-CAA7-4FED-9A7C-604D8E5978F2}"
EndProject
Project("{FAE04EC0-301F-11D3-BF4B-00C04F79EFBC}") = "CD.Presentation.BulkImportExport", "..\CDClient\Presentation\CD.Presentation.BulkImportExport\CD.Presentation.BulkImportExport.csproj", "{573E7E83-06D2-4843-ACDD-1BE5A5A3A46D}"
EndProject
Project("{FAE04EC0-301F-11D3-BF4B-00C04F79EFBC}") = "CD.Presentation.IncidentDetails", "..\CDClient\Presentation\CD.Presentation.IncidentDetails\CD.Presentation.IncidentDetails.csproj", "{A757CD9C-5D9B-4B5D-A621-C257C3C90A28}"
EndProject
Project("{FAE04EC0-301F-11D3-BF4B-00C04F79EFBC}") = "CD.Presentation.LocalizationHelpers", "..\CDClient\Presentation\CD.Presentation.LocalizationHelpers\CD.Presentation.LocalizationHelpers.csproj", "{00704D09-E62E-423C-BC05-F8B3E1F75E17}"
EndProject
Project("{FAE04EC0-301F-11D3-BF4B-00C04F79EFBC}") = "CD.Presentation.Logic", "..\CDClient\Presentation\CD.Presentation.Logic\CD.Presentation.Logic.csproj", "{C2B8541F-4599-4DF3-ACF3-7492C631A09F}"
EndProject
Project("{FAE04EC0-301F-11D3-BF4B-00C04F79EFBC}") = "CD.Presentation.Preferences", "..\CDClient\Presentation\CD.Presentation.Preferences\CD.Presentation.Preferences.csproj", "{2A4D070D-7308-4000-A980-867DFF458496}"
EndProject
Project("{FAE04EC0-301F-11D3-BF4B-00C04F79EFBC}") = "CD.Presentation.ViewModel", "..\CDClient\Presentation\CD.Presentation.ViewModel\CD.Presentation.ViewModel.csproj", "{B56F5AB7-A859-4B2D-8AC2-2931E34C95CA}"
EndProject
Project("{FAE04EC0-301F-11D3-BF4B-00C04F79EFBC}") = "CD.Presentation.ViewModelFactory", "..\CDClient\Presentation\CD.Presentation.ViewModelFactory\CD.Presentation.ViewModelFactory.csproj", "{D9C4EBA5-36F6-494D-AA67-A7D28BA6B99B}"
EndProject
Project("{FAE04EC0-301F-11D3-BF4B-00C04F79EFBC}") = "CDClient.Security.Security", "..\CDClient\Security\CDClient.Security.Security\CDClient.Security.Security.csproj", "{D3CD3ED9-5702-41DB-9E16-33A6440586E4}"
EndProject
Project("{FAE04EC0-301F-11D3-BF4B-00C04F79EFBC}") = "CD.ServiceProxy", "..\CDClient\ServiceProxy\CD.ServiceProxy.csproj", "{9A9A5DF9-0551-4E82-B695-D8509C2CE3BA}"
EndProject
Project("{FAE04EC0-301F-11D3-BF4B-00C04F79EFBC}") = "CDClient.Test", "..\CDClient\Test\CDClient.Test\CDClient.Test.csproj", "{704BC43B-1C19-47E3-B364-ED7AF5B6B17C}"
EndProject
Project("{FAE04EC0-301F-11D3-BF4B-00C04F79EFBC}") = "CDClient.Web", "..\CDClient\Presentation\CDClient.Web\CDClient.Web.csproj", "{D521E087-F6FA-4275-9BD5-E1E62577EFEA}"
EndProject
Project("{FAE04EC0-301F-11D3-BF4B-00C04F79EFBC}") = "CDRepository.CacheDataProvider", "..\CDRepository\CDRepository.CacheDataProvider\CDRepository.CacheDataProvider.csproj", "{5D6AC85D-249B-4F0F-8ED9-3E5C571857A6}"
EndProject
Project("{FAE04EC0-301F-11D3-BF4B-00C04F79EFBC}") = "CDRepository.CacheItemFactory", "..\CDRepository\CDRepository.CacheItemFactory\CDRepository.CacheItemFactory.csproj", "{4B890B6F-4636-42AB-A2DF-C3C523806BD0}"
EndProject
Project("{FAE04EC0-301F-11D3-BF4B-00C04F79EFBC}") = "CDRepository.CacheRefresh", "..\CDRepository\CDRepository.CacheRefresh\CDRepository.CacheRefresh.csproj", "{3A3F5A06-239F-4995-AC98-29018B3E6357}"
EndProject
Project("{FAE04EC0-301F-11D3-BF4B-00C04F79EFBC}") = "CDRepository.Dispatcher", "..\CDRepository\CDRepository.Dispatcher\CDRepository.Dispatcher.csproj", "{A4C03B08-C072-49F0-A7A0-C823416E8ED1}"
EndProject
Project("{FAE04EC0-301F-11D3-BF4B-00C04F79EFBC}") = "CDRepository.Infrastructure", "..\CDRepository\CDRepository.Infrastructure\CDRepository.Infrastructure.csproj", "{4524EB8E-6BFE-4E4A-85A4-745791A590E9}"
EndProject
Project("{FAE04EC0-301F-11D3-BF4B-00C04F79EFBC}") = "CDRepository.RepositoryConfigurator", "..\CDRepository\CDRepository.RepositoryConfigurator\CDRepository.RepositoryConfigurator.csproj", "{77C2C77A-C0F6-46B7-B403-FC0DEAF77226}"
EndProject
Project("{FAE04EC0-301F-11D3-BF4B-00C04F79EFBC}") = "CDRepository.RepositoryManager", "..\CDRepository\CDRepository.RepositoryManager\CDRepository.RepositoryManager.csproj", "{C34C0A5F-D0D0-45D5-82A6-B9D008C25275}"
EndProject
Project("{FAE04EC0-301F-11D3-BF4B-00C04F79EFBC}") = "CDRepository.RepositoryService", "..\CDRepository\CDRepository.RepositoryService\CDRepository.RepositoryService.csproj", "{39E9D2B0-6006-4E8A-AAD6-7CB8302F3A9F}"
EndProject
Project("{FAE04EC0-301F-11D3-BF4B-00C04F79EFBC}") = "CDRepository.RuntimeCache", "..\CDRepository\CDRepository.RuntimeCache\CDRepository.RuntimeCache.csproj", "{3CDDB313-5A19-4DDA-9123-F5D72901BDEC}"
EndProject
Project("{FAE04EC0-301F-11D3-BF4B-00C04F79EFBC}") = "CDRepository.TestClient", "..\CDRepository\CDRepository.TestClient\CDRepository.TestClient.csproj", "{6534170D-5595-4B3A-9A5A-C0BD8D8609A8}"
EndProject
Global
	GlobalSection(SolutionConfigurationPlatforms) = preSolution
		Debug|Any CPU = Debug|Any CPU
		Release|Any CPU = Release|Any CPU
	EndGlobalSection
	GlobalSection(ProjectConfigurationPlatforms) = postSolution
		{CDDDFC67-54F0-4E07-A7DC-E124B174BB13}.Debug|Any CPU.ActiveCfg = Debug|Any CPU
		{CDDDFC67-54F0-4E07-A7DC-E124B174BB13}.Debug|Any CPU.Build.0 = Debug|Any CPU
		{CDDDFC67-54F0-4E07-A7DC-E124B174BB13}.Release|Any CPU.ActiveCfg = Release|Any CPU
		{CDDDFC67-54F0-4E07-A7DC-E124B174BB13}.Release|Any CPU.Build.0 = Release|Any CPU
		{FBF7FE06-7809-477D-BA77-323F2B05500F}.Debug|Any CPU.ActiveCfg = Debug|Any CPU
		{FBF7FE06-7809-477D-BA77-323F2B05500F}.Debug|Any CPU.Build.0 = Debug|Any CPU
		{FBF7FE06-7809-477D-BA77-323F2B05500F}.Release|Any CPU.ActiveCfg = Release|Any CPU
		{FBF7FE06-7809-477D-BA77-323F2B05500F}.Release|Any CPU.Build.0 = Release|Any CPU
		{C39C869D-4EDE-4D03-AE4A-C07D9FA9F5BE}.Debug|Any CPU.ActiveCfg = Debug|Any CPU
		{C39C869D-4EDE-4D03-AE4A-C07D9FA9F5BE}.Debug|Any CPU.Build.0 = Debug|Any CPU
		{C39C869D-4EDE-4D03-AE4A-C07D9FA9F5BE}.Release|Any CPU.ActiveCfg = Release|Any CPU
		{C39C869D-4EDE-4D03-AE4A-C07D9FA9F5BE}.Release|Any CPU.Build.0 = Release|Any CPU
		{6AA45BF4-D47F-471D-942D-CC97A30AE254}.Debug|Any CPU.ActiveCfg = Debug|Any CPU
		{6AA45BF4-D47F-471D-942D-CC97A30AE254}.Debug|Any CPU.Build.0 = Debug|Any CPU
		{6AA45BF4-D47F-471D-942D-CC97A30AE254}.Release|Any CPU.ActiveCfg = Release|Any CPU
		{6AA45BF4-D47F-471D-942D-CC97A30AE254}.Release|Any CPU.Build.0 = Release|Any CPU
		{8FBE88AA-952B-4667-9112-7ED42CF35AE1}.Debug|Any CPU.ActiveCfg = Debug|Any CPU
		{8FBE88AA-952B-4667-9112-7ED42CF35AE1}.Debug|Any CPU.Build.0 = Debug|Any CPU
		{8FBE88AA-952B-4667-9112-7ED42CF35AE1}.Release|Any CPU.ActiveCfg = Release|Any CPU
		{8FBE88AA-952B-4667-9112-7ED42CF35AE1}.Release|Any CPU.Build.0 = Release|Any CPU
		{8689B75B-5275-419F-A5D5-CE409543E7F4}.Debug|Any CPU.ActiveCfg = Debug|Any CPU
		{8689B75B-5275-419F-A5D5-CE409543E7F4}.Debug|Any CPU.Build.0 = Debug|Any CPU
		{8689B75B-5275-419F-A5D5-CE409543E7F4}.Release|Any CPU.ActiveCfg = Release|Any CPU
		{8689B75B-5275-419F-A5D5-CE409543E7F4}.Release|Any CPU.Build.0 = Release|Any CPU
		{C2AF1237-A6F6-4ECE-B963-D67315EB100F}.Debug|Any CPU.ActiveCfg = Debug|Any CPU
		{C2AF1237-A6F6-4ECE-B963-D67315EB100F}.Debug|Any CPU.Build.0 = Debug|Any CPU
		{C2AF1237-A6F6-4ECE-B963-D67315EB100F}.Release|Any CPU.ActiveCfg = Release|Any CPU
		{C2AF1237-A6F6-4ECE-B963-D67315EB100F}.Release|Any CPU.Build.0 = Release|Any CPU
		{4DA4B0A2-E0A1-44BB-AA13-77A2E732146D}.Debug|Any CPU.ActiveCfg = Debug|Any CPU
		{4DA4B0A2-E0A1-44BB-AA13-77A2E732146D}.Debug|Any CPU.Build.0 = Debug|Any CPU
		{4DA4B0A2-E0A1-44BB-AA13-77A2E732146D}.Release|Any CPU.ActiveCfg = Release|Any CPU
		{4DA4B0A2-E0A1-44BB-AA13-77A2E732146D}.Release|Any CPU.Build.0 = Release|Any CPU
		{8F6A61FB-C1F7-4F25-ACAA-1C39D7BAEFA4}.Debug|Any CPU.ActiveCfg = Debug|Any CPU
		{8F6A61FB-C1F7-4F25-ACAA-1C39D7BAEFA4}.Debug|Any CPU.Build.0 = Debug|Any CPU
		{8F6A61FB-C1F7-4F25-ACAA-1C39D7BAEFA4}.Release|Any CPU.ActiveCfg = Release|Any CPU
		{8F6A61FB-C1F7-4F25-ACAA-1C39D7BAEFA4}.Release|Any CPU.Build.0 = Release|Any CPU
		{3307009F-4813-472A-8F8D-5A4561E7EC18}.Debug|Any CPU.ActiveCfg = Debug|Any CPU
		{3307009F-4813-472A-8F8D-5A4561E7EC18}.Debug|Any CPU.Build.0 = Debug|Any CPU
		{3307009F-4813-472A-8F8D-5A4561E7EC18}.Release|Any CPU.ActiveCfg = Release|Any CPU
		{3307009F-4813-472A-8F8D-5A4561E7EC18}.Release|Any CPU.Build.0 = Release|Any CPU
		{E45848CC-26BD-46B6-9948-909E6507DC01}.Debug|Any CPU.ActiveCfg = Debug|Any CPU
		{E45848CC-26BD-46B6-9948-909E6507DC01}.Debug|Any CPU.Build.0 = Debug|Any CPU
		{E45848CC-26BD-46B6-9948-909E6507DC01}.Release|Any CPU.ActiveCfg = Release|Any CPU
		{E45848CC-26BD-46B6-9948-909E6507DC01}.Release|Any CPU.Build.0 = Release|Any CPU
		{AF864B7A-6714-441C-9E00-735C8D7D6A5D}.Debug|Any CPU.ActiveCfg = Debug|Any CPU
		{AF864B7A-6714-441C-9E00-735C8D7D6A5D}.Debug|Any CPU.Build.0 = Debug|Any CPU
		{AF864B7A-6714-441C-9E00-735C8D7D6A5D}.Release|Any CPU.ActiveCfg = Release|Any CPU
		{AF864B7A-6714-441C-9E00-735C8D7D6A5D}.Release|Any CPU.Build.0 = Release|Any CPU
		{013E6CF5-A299-414D-9370-70F9E2659880}.Debug|Any CPU.ActiveCfg = Debug|Any CPU
		{013E6CF5-A299-414D-9370-70F9E2659880}.Debug|Any CPU.Build.0 = Debug|Any CPU
		{013E6CF5-A299-414D-9370-70F9E2659880}.Release|Any CPU.ActiveCfg = Release|Any CPU
		{013E6CF5-A299-414D-9370-70F9E2659880}.Release|Any CPU.Build.0 = Release|Any CPU
		{AE35F421-CFF0-43D8-AC15-D0DE3F64C51A}.Debug|Any CPU.ActiveCfg = Debug|Any CPU
		{AE35F421-CFF0-43D8-AC15-D0DE3F64C51A}.Debug|Any CPU.Build.0 = Debug|Any CPU
		{AE35F421-CFF0-43D8-AC15-D0DE3F64C51A}.Release|Any CPU.ActiveCfg = Release|Any CPU
		{AE35F421-CFF0-43D8-AC15-D0DE3F64C51A}.Release|Any CPU.Build.0 = Release|Any CPU
		{16DCD1B4-F480-4124-8709-90273471479B}.Debug|Any CPU.ActiveCfg = Debug|Any CPU
		{16DCD1B4-F480-4124-8709-90273471479B}.Debug|Any CPU.Build.0 = Debug|Any CPU
		{16DCD1B4-F480-4124-8709-90273471479B}.Release|Any CPU.ActiveCfg = Release|Any CPU
		{16DCD1B4-F480-4124-8709-90273471479B}.Release|Any CPU.Build.0 = Release|Any CPU
		{E783CDF3-E8E1-4FE9-A3B5-BB6891BA6735}.Debug|Any CPU.ActiveCfg = Debug|Any CPU
		{E783CDF3-E8E1-4FE9-A3B5-BB6891BA6735}.Debug|Any CPU.Build.0 = Debug|Any CPU
		{E783CDF3-E8E1-4FE9-A3B5-BB6891BA6735}.Release|Any CPU.ActiveCfg = Release|Any CPU
		{E783CDF3-E8E1-4FE9-A3B5-BB6891BA6735}.Release|Any CPU.Build.0 = Release|Any CPU
		{1ED18426-7890-4A3B-B0F7-62D0B4165279}.Debug|Any CPU.ActiveCfg = Debug|Any CPU
		{1ED18426-7890-4A3B-B0F7-62D0B4165279}.Debug|Any CPU.Build.0 = Debug|Any CPU
		{1ED18426-7890-4A3B-B0F7-62D0B4165279}.Release|Any CPU.ActiveCfg = Release|Any CPU
		{1ED18426-7890-4A3B-B0F7-62D0B4165279}.Release|Any CPU.Build.0 = Release|Any CPU
		{99126E75-37D2-4C0C-9797-59CC14BD5F98}.Debug|Any CPU.ActiveCfg = Debug|Any CPU
		{99126E75-37D2-4C0C-9797-59CC14BD5F98}.Debug|Any CPU.Build.0 = Debug|Any CPU
		{99126E75-37D2-4C0C-9797-59CC14BD5F98}.Release|Any CPU.ActiveCfg = Release|Any CPU
		{99126E75-37D2-4C0C-9797-59CC14BD5F98}.Release|Any CPU.Build.0 = Release|Any CPU
		{7456649E-0E50-4EE0-A397-6DC8640B3500}.Debug|Any CPU.ActiveCfg = Debug|Any CPU
		{7456649E-0E50-4EE0-A397-6DC8640B3500}.Debug|Any CPU.Build.0 = Debug|Any CPU
		{7456649E-0E50-4EE0-A397-6DC8640B3500}.Release|Any CPU.ActiveCfg = Release|Any CPU
		{7456649E-0E50-4EE0-A397-6DC8640B3500}.Release|Any CPU.Build.0 = Release|Any CPU
		{A033D085-98E6-4FDA-8FF7-BAAD8F4AE4B9}.Debug|Any CPU.ActiveCfg = Debug|Any CPU
		{A033D085-98E6-4FDA-8FF7-BAAD8F4AE4B9}.Debug|Any CPU.Build.0 = Debug|Any CPU
		{A033D085-98E6-4FDA-8FF7-BAAD8F4AE4B9}.Release|Any CPU.ActiveCfg = Release|Any CPU
		{A033D085-98E6-4FDA-8FF7-BAAD8F4AE4B9}.Release|Any CPU.Build.0 = Release|Any CPU
		{2EC0C6E3-0AEC-4C94-871E-7A1322A7B86B}.Debug|Any CPU.ActiveCfg = Debug|Any CPU
		{2EC0C6E3-0AEC-4C94-871E-7A1322A7B86B}.Debug|Any CPU.Build.0 = Debug|Any CPU
		{2EC0C6E3-0AEC-4C94-871E-7A1322A7B86B}.Release|Any CPU.ActiveCfg = Release|Any CPU
		{2EC0C6E3-0AEC-4C94-871E-7A1322A7B86B}.Release|Any CPU.Build.0 = Release|Any CPU
		{95685E1A-CE5E-4D0C-93FC-CE30554E06E6}.Debug|Any CPU.ActiveCfg = Debug|Any CPU
		{95685E1A-CE5E-4D0C-93FC-CE30554E06E6}.Debug|Any CPU.Build.0 = Debug|Any CPU
		{95685E1A-CE5E-4D0C-93FC-CE30554E06E6}.Release|Any CPU.ActiveCfg = Release|Any CPU
		{95685E1A-CE5E-4D0C-93FC-CE30554E06E6}.Release|Any CPU.Build.0 = Release|Any CPU
		{130A02A4-FF8A-48DD-BFA5-C77AF43AAAC9}.Debug|Any CPU.ActiveCfg = Debug|Any CPU
		{130A02A4-FF8A-48DD-BFA5-C77AF43AAAC9}.Debug|Any CPU.Build.0 = Debug|Any CPU
		{130A02A4-FF8A-48DD-BFA5-C77AF43AAAC9}.Release|Any CPU.ActiveCfg = Release|Any CPU
		{130A02A4-FF8A-48DD-BFA5-C77AF43AAAC9}.Release|Any CPU.Build.0 = Release|Any CPU
		{FF60DAD2-F3C4-48B5-AFC8-EC9BE8DDE94B}.Debug|Any CPU.ActiveCfg = Debug|Any CPU
		{FF60DAD2-F3C4-48B5-AFC8-EC9BE8DDE94B}.Debug|Any CPU.Build.0 = Debug|Any CPU
		{FF60DAD2-F3C4-48B5-AFC8-EC9BE8DDE94B}.Release|Any CPU.ActiveCfg = Release|Any CPU
		{FF60DAD2-F3C4-48B5-AFC8-EC9BE8DDE94B}.Release|Any CPU.Build.0 = Release|Any CPU
		{08D6E2B6-80B8-4576-8826-8409DE25D555}.Debug|Any CPU.ActiveCfg = Debug|Any CPU
		{08D6E2B6-80B8-4576-8826-8409DE25D555}.Debug|Any CPU.Build.0 = Debug|Any CPU
		{08D6E2B6-80B8-4576-8826-8409DE25D555}.Release|Any CPU.ActiveCfg = Release|Any CPU
		{08D6E2B6-80B8-4576-8826-8409DE25D555}.Release|Any CPU.Build.0 = Release|Any CPU
		{50ADB042-DB9D-4383-9279-162AAB88A782}.Debug|Any CPU.ActiveCfg = Debug|Any CPU
		{50ADB042-DB9D-4383-9279-162AAB88A782}.Debug|Any CPU.Build.0 = Debug|Any CPU
		{50ADB042-DB9D-4383-9279-162AAB88A782}.Release|Any CPU.ActiveCfg = Release|Any CPU
		{50ADB042-DB9D-4383-9279-162AAB88A782}.Release|Any CPU.Build.0 = Release|Any CPU
		{F9A175DD-E1B2-4B3F-9ED0-F2BB06FA3FF6}.Debug|Any CPU.ActiveCfg = Debug|Any CPU
		{F9A175DD-E1B2-4B3F-9ED0-F2BB06FA3FF6}.Debug|Any CPU.Build.0 = Debug|Any CPU
		{F9A175DD-E1B2-4B3F-9ED0-F2BB06FA3FF6}.Release|Any CPU.ActiveCfg = Release|Any CPU
		{F9A175DD-E1B2-4B3F-9ED0-F2BB06FA3FF6}.Release|Any CPU.Build.0 = Release|Any CPU
		{38B98EBA-CAA7-4FED-9A7C-604D8E5978F2}.Debug|Any CPU.ActiveCfg = Debug|Any CPU
		{38B98EBA-CAA7-4FED-9A7C-604D8E5978F2}.Debug|Any CPU.Build.0 = Debug|Any CPU
		{38B98EBA-CAA7-4FED-9A7C-604D8E5978F2}.Release|Any CPU.ActiveCfg = Release|Any CPU
		{38B98EBA-CAA7-4FED-9A7C-604D8E5978F2}.Release|Any CPU.Build.0 = Release|Any CPU
		{573E7E83-06D2-4843-ACDD-1BE5A5A3A46D}.Debug|Any CPU.ActiveCfg = Debug|Any CPU
		{573E7E83-06D2-4843-ACDD-1BE5A5A3A46D}.Debug|Any CPU.Build.0 = Debug|Any CPU
		{573E7E83-06D2-4843-ACDD-1BE5A5A3A46D}.Release|Any CPU.ActiveCfg = Release|Any CPU
		{573E7E83-06D2-4843-ACDD-1BE5A5A3A46D}.Release|Any CPU.Build.0 = Release|Any CPU
		{A757CD9C-5D9B-4B5D-A621-C257C3C90A28}.Debug|Any CPU.ActiveCfg = Debug|Any CPU
		{A757CD9C-5D9B-4B5D-A621-C257C3C90A28}.Debug|Any CPU.Build.0 = Debug|Any CPU
		{A757CD9C-5D9B-4B5D-A621-C257C3C90A28}.Release|Any CPU.ActiveCfg = Release|Any CPU
		{A757CD9C-5D9B-4B5D-A621-C257C3C90A28}.Release|Any CPU.Build.0 = Release|Any CPU
		{00704D09-E62E-423C-BC05-F8B3E1F75E17}.Debug|Any CPU.ActiveCfg = Debug|Any CPU
		{00704D09-E62E-423C-BC05-F8B3E1F75E17}.Debug|Any CPU.Build.0 = Debug|Any CPU
		{00704D09-E62E-423C-BC05-F8B3E1F75E17}.Release|Any CPU.ActiveCfg = Release|Any CPU
		{00704D09-E62E-423C-BC05-F8B3E1F75E17}.Release|Any CPU.Build.0 = Release|Any CPU
		{C2B8541F-4599-4DF3-ACF3-7492C631A09F}.Debug|Any CPU.ActiveCfg = Debug|Any CPU
		{C2B8541F-4599-4DF3-ACF3-7492C631A09F}.Debug|Any CPU.Build.0 = Debug|Any CPU
		{C2B8541F-4599-4DF3-ACF3-7492C631A09F}.Release|Any CPU.ActiveCfg = Release|Any CPU
		{C2B8541F-4599-4DF3-ACF3-7492C631A09F}.Release|Any CPU.Build.0 = Release|Any CPU
		{2A4D070D-7308-4000-A980-867DFF458496}.Debug|Any CPU.ActiveCfg = Debug|Any CPU
		{2A4D070D-7308-4000-A980-867DFF458496}.Debug|Any CPU.Build.0 = Debug|Any CPU
		{2A4D070D-7308-4000-A980-867DFF458496}.Release|Any CPU.ActiveCfg = Release|Any CPU
		{2A4D070D-7308-4000-A980-867DFF458496}.Release|Any CPU.Build.0 = Release|Any CPU
		{B56F5AB7-A859-4B2D-8AC2-2931E34C95CA}.Debug|Any CPU.ActiveCfg = Debug|Any CPU
		{B56F5AB7-A859-4B2D-8AC2-2931E34C95CA}.Debug|Any CPU.Build.0 = Debug|Any CPU
		{B56F5AB7-A859-4B2D-8AC2-2931E34C95CA}.Release|Any CPU.ActiveCfg = Release|Any CPU
		{B56F5AB7-A859-4B2D-8AC2-2931E34C95CA}.Release|Any CPU.Build.0 = Release|Any CPU
		{D9C4EBA5-36F6-494D-AA67-A7D28BA6B99B}.Debug|Any CPU.ActiveCfg = Debug|Any CPU
		{D9C4EBA5-36F6-494D-AA67-A7D28BA6B99B}.Debug|Any CPU.Build.0 = Debug|Any CPU
		{D9C4EBA5-36F6-494D-AA67-A7D28BA6B99B}.Release|Any CPU.ActiveCfg = Release|Any CPU
		{D9C4EBA5-36F6-494D-AA67-A7D28BA6B99B}.Release|Any CPU.Build.0 = Release|Any CPU
		{D3CD3ED9-5702-41DB-9E16-33A6440586E4}.Debug|Any CPU.ActiveCfg = Debug|Any CPU
		{D3CD3ED9-5702-41DB-9E16-33A6440586E4}.Debug|Any CPU.Build.0 = Debug|Any CPU
		{D3CD3ED9-5702-41DB-9E16-33A6440586E4}.Release|Any CPU.ActiveCfg = Release|Any CPU
		{D3CD3ED9-5702-41DB-9E16-33A6440586E4}.Release|Any CPU.Build.0 = Release|Any CPU
		{9A9A5DF9-0551-4E82-B695-D8509C2CE3BA}.Debug|Any CPU.ActiveCfg = Debug|Any CPU
		{9A9A5DF9-0551-4E82-B695-D8509C2CE3BA}.Debug|Any CPU.Build.0 = Debug|Any CPU
		{9A9A5DF9-0551-4E82-B695-D8509C2CE3BA}.Release|Any CPU.ActiveCfg = Release|Any CPU
		{9A9A5DF9-0551-4E82-B695-D8509C2CE3BA}.Release|Any CPU.Build.0 = Release|Any CPU
		{704BC43B-1C19-47E3-B364-ED7AF5B6B17C}.Debug|Any CPU.ActiveCfg = Debug|Any CPU
		{704BC43B-1C19-47E3-B364-ED7AF5B6B17C}.Debug|Any CPU.Build.0 = Debug|Any CPU
		{704BC43B-1C19-47E3-B364-ED7AF5B6B17C}.Release|Any CPU.ActiveCfg = Release|Any CPU
		{704BC43B-1C19-47E3-B364-ED7AF5B6B17C}.Release|Any CPU.Build.0 = Release|Any CPU
		{D521E087-F6FA-4275-9BD5-E1E62577EFEA}.Debug|Any CPU.ActiveCfg = Debug|Any CPU
		{D521E087-F6FA-4275-9BD5-E1E62577EFEA}.Debug|Any CPU.Build.0 = Debug|Any CPU
		{D521E087-F6FA-4275-9BD5-E1E62577EFEA}.Release|Any CPU.ActiveCfg = Release|Any CPU
		{D521E087-F6FA-4275-9BD5-E1E62577EFEA}.Release|Any CPU.Build.0 = Release|Any CPU
		{5D6AC85D-249B-4F0F-8ED9-3E5C571857A6}.Debug|Any CPU.ActiveCfg = Debug|Any CPU
		{5D6AC85D-249B-4F0F-8ED9-3E5C571857A6}.Debug|Any CPU.Build.0 = Debug|Any CPU
		{5D6AC85D-249B-4F0F-8ED9-3E5C571857A6}.Release|Any CPU.ActiveCfg = Release|Any CPU
		{5D6AC85D-249B-4F0F-8ED9-3E5C571857A6}.Release|Any CPU.Build.0 = Release|Any CPU
		{4B890B6F-4636-42AB-A2DF-C3C523806BD0}.Debug|Any CPU.ActiveCfg = Debug|Any CPU
		{4B890B6F-4636-42AB-A2DF-C3C523806BD0}.Debug|Any CPU.Build.0 = Debug|Any CPU
		{4B890B6F-4636-42AB-A2DF-C3C523806BD0}.Release|Any CPU.ActiveCfg = Release|Any CPU
		{4B890B6F-4636-42AB-A2DF-C3C523806BD0}.Release|Any CPU.Build.0 = Release|Any CPU
		{3A3F5A06-239F-4995-AC98-29018B3E6357}.Debug|Any CPU.ActiveCfg = Debug|Any CPU
		{3A3F5A06-239F-4995-AC98-29018B3E6357}.Debug|Any CPU.Build.0 = Debug|Any CPU
		{3A3F5A06-239F-4995-AC98-29018B3E6357}.Release|Any CPU.ActiveCfg = Release|Any CPU
		{3A3F5A06-239F-4995-AC98-29018B3E6357}.Release|Any CPU.Build.0 = Release|Any CPU
		{A4C03B08-C072-49F0-A7A0-C823416E8ED1}.Debug|Any CPU.ActiveCfg = Debug|Any CPU
		{A4C03B08-C072-49F0-A7A0-C823416E8ED1}.Debug|Any CPU.Build.0 = Debug|Any CPU
		{A4C03B08-C072-49F0-A7A0-C823416E8ED1}.Release|Any CPU.ActiveCfg = Release|Any CPU
		{A4C03B08-C072-49F0-A7A0-C823416E8ED1}.Release|Any CPU.Build.0 = Release|Any CPU
		{4524EB8E-6BFE-4E4A-85A4-745791A590E9}.Debug|Any CPU.ActiveCfg = Debug|Any CPU
		{4524EB8E-6BFE-4E4A-85A4-745791A590E9}.Debug|Any CPU.Build.0 = Debug|Any CPU
		{4524EB8E-6BFE-4E4A-85A4-745791A590E9}.Release|Any CPU.ActiveCfg = Release|Any CPU
		{4524EB8E-6BFE-4E4A-85A4-745791A590E9}.Release|Any CPU.Build.0 = Release|Any CPU
		{77C2C77A-C0F6-46B7-B403-FC0DEAF77226}.Debug|Any CPU.ActiveCfg = Debug|Any CPU
		{77C2C77A-C0F6-46B7-B403-FC0DEAF77226}.Debug|Any CPU.Build.0 = Debug|Any CPU
		{77C2C77A-C0F6-46B7-B403-FC0DEAF77226}.Release|Any CPU.ActiveCfg = Release|Any CPU
		{77C2C77A-C0F6-46B7-B403-FC0DEAF77226}.Release|Any CPU.Build.0 = Release|Any CPU
		{C34C0A5F-D0D0-45D5-82A6-B9D008C25275}.Debug|Any CPU.ActiveCfg = Debug|Any CPU
		{C34C0A5F-D0D0-45D5-82A6-B9D008C25275}.Debug|Any CPU.Build.0 = Debug|Any CPU
		{C34C0A5F-D0D0-45D5-82A6-B9D008C25275}.Release|Any CPU.ActiveCfg = Release|Any CPU
		{C34C0A5F-D0D0-45D5-82A6-B9D008C25275}.Release|Any CPU.Build.0 = Release|Any CPU
		{39E9D2B0-6006-4E8A-AAD6-7CB8302F3A9F}.Debug|Any CPU.ActiveCfg = Debug|Any CPU
		{39E9D2B0-6006-4E8A-AAD6-7CB8302F3A9F}.Debug|Any CPU.Build.0 = Debug|Any CPU
		{39E9D2B0-6006-4E8A-AAD6-7CB8302F3A9F}.Release|Any CPU.ActiveCfg = Release|Any CPU
		{39E9D2B0-6006-4E8A-AAD6-7CB8302F3A9F}.Release|Any CPU.Build.0 = Release|Any CPU
		{3CDDB313-5A19-4DDA-9123-F5D72901BDEC}.Debug|Any CPU.ActiveCfg = Debug|Any CPU
		{3CDDB313-5A19-4DDA-9123-F5D72901BDEC}.Debug|Any CPU.Build.0 = Debug|Any CPU
		{3CDDB313-5A19-4DDA-9123-F5D72901BDEC}.Release|Any CPU.ActiveCfg = Release|Any CPU
		{3CDDB313-5A19-4DDA-9123-F5D72901BDEC}.Release|Any CPU.Build.0 = Release|Any CPU
		{6534170D-5595-4B3A-9A5A-C0BD8D8609A8}.Debug|Any CPU.ActiveCfg = Debug|Any CPU
		{6534170D-5595-4B3A-9A5A-C0BD8D8609A8}.Debug|Any CPU.Build.0 = Debug|Any CPU
		{6534170D-5595-4B3A-9A5A-C0BD8D8609A8}.Release|Any CPU.ActiveCfg = Release|Any CPU
		{6534170D-5595-4B3A-9A5A-C0BD8D8609A8}.Release|Any CPU.Build.0 = Release|Any CPU
	EndGlobalSection
	GlobalSection(SolutionProperties) = preSolution
		HideSolutionNode = FALSE
	EndGlobalSection
EndGlobal
