
Microsoft Visual Studio Solution File, Format Version 12.00
# Visual Studio 2013
VisualStudioVersion = 12.0.40629.0
MinimumVisualStudioVersion = 10.0.40219.1
Project("{FAE04EC0-301F-11D3-BF4B-00C04F79EFBC}") = "CDRepository.Infrastructure", "CDRepository.Infrastructure\CDRepository.Infrastructure.csproj", "{4524EB8E-6BFE-4E4A-85A4-745791A590E9}"
EndProject
Project("{FAE04EC0-301F-11D3-BF4B-00C04F79EFBC}") = "CDRepository.CacheDataProvider", "CDRepository.CacheDataProvider\CDRepository.CacheDataProvider.csproj", "{5D6AC85D-249B-4F0F-8ED9-3E5C571857A6}"
EndProject
Project("{FAE04EC0-301F-11D3-BF4B-00C04F79EFBC}") = "CDRepository.CacheRefresh", "CDRepository.CacheRefresh\CDRepository.CacheRefresh.csproj", "{3A3F5A06-239F-4995-AC98-29018B3E6357}"
EndProject
Project("{FAE04EC0-301F-11D3-BF4B-00C04F79EFBC}") = "CDRepository.Dispatcher", "CDRepository.Dispatcher\CDRepository.Dispatcher.csproj", "{A4C03B08-C072-49F0-A7A0-C823416E8ED1}"
EndProject
Project("{FAE04EC0-301F-11D3-BF4B-00C04F79EFBC}") = "CDRepository.RepositoryConfigurator", "CDRepository.RepositoryConfigurator\CDRepository.RepositoryConfigurator.csproj", "{77C2C77A-C0F6-46B7-B403-FC0DEAF77226}"
EndProject
Project("{FAE04EC0-301F-11D3-BF4B-00C04F79EFBC}") = "CDRepository.RepositoryManager", "CDRepository.RepositoryManager\CDRepository.RepositoryManager.csproj", "{C34C0A5F-D0D0-45D5-82A6-B9D008C25275}"
EndProject
Project("{FAE04EC0-301F-11D3-BF4B-00C04F79EFBC}") = "CDRepository.RepositoryService", "CDRepository.RepositoryService\CDRepository.RepositoryService.csproj", "{39E9D2B0-6006-4E8A-AAD6-7CB8302F3A9F}"
EndProject
Project("{FAE04EC0-301F-11D3-BF4B-00C04F79EFBC}") = "CDRepository.RuntimeCache", "CDRepository.RuntimeCache\CDRepository.RuntimeCache.csproj", "{3CDDB313-5A19-4DDA-9123-F5D72901BDEC}"
EndProject
Project("{FAE04EC0-301F-11D3-BF4B-00C04F79EFBC}") = "CDRepository.TestClient", "CDRepository.TestClient\CDRepository.TestClient.csproj", "{6534170D-5595-4B3A-9A5A-C0BD8D8609A8}"
EndProject
Project("{FAE04EC0-301F-11D3-BF4B-00C04F79EFBC}") = "CD.Authorization", "..\CDAuthorization\CD.Authorization\CD.Authorization.csproj", "{8FBE88AA-952B-4667-9112-7ED42CF35AE1}"
EndProject
Project("{FAE04EC0-301F-11D3-BF4B-00C04F79EFBC}") = "CD.Crosscutting", "..\CD.Shared\CD.Crosscutting\CD.Crosscutting.csproj", "{3307009F-4813-472A-8F8D-5A4561E7EC18}"
EndProject
Project("{FAE04EC0-301F-11D3-BF4B-00C04F79EFBC}") = "CD.Infrastructure", "..\CD.Shared\CD.Infrastructure\CD.Infrastructure.csproj", "{AE35F421-CFF0-43D8-AC15-D0DE3F64C51A}"
EndProject
Project("{FAE04EC0-301F-11D3-BF4B-00C04F79EFBC}") = "CD.Persistance.DataProvider", "..\CD.Shared\CD.Persistance.DataProvider\CD.Persistance.DataProvider.csproj", "{16DCD1B4-F480-4124-8709-90273471479B}"
EndProject
Project("{FAE04EC0-301F-11D3-BF4B-00C04F79EFBC}") = "CD.TerminalSet.Security", "..\CDServices\AuthorizationService\CD.TerminalSet.Security\CD.TerminalSet.Security.csproj", "{95685E1A-CE5E-4D0C-93FC-CE30554E06E6}"
EndProject
Global
	GlobalSection(SolutionConfigurationPlatforms) = preSolution
		Debug|Any CPU = Debug|Any CPU
		Release|Any CPU = Release|Any CPU
	EndGlobalSection
	GlobalSection(ProjectConfigurationPlatforms) = postSolution
		{4524EB8E-6BFE-4E4A-85A4-745791A590E9}.Debug|Any CPU.ActiveCfg = Debug|Any CPU
		{4524EB8E-6BFE-4E4A-85A4-745791A590E9}.Debug|Any CPU.Build.0 = Debug|Any CPU
		{4524EB8E-6BFE-4E4A-85A4-745791A590E9}.Release|Any CPU.ActiveCfg = Release|Any CPU
		{4524EB8E-6BFE-4E4A-85A4-745791A590E9}.Release|Any CPU.Build.0 = Release|Any CPU
		{5D6AC85D-249B-4F0F-8ED9-3E5C571857A6}.Debug|Any CPU.ActiveCfg = Debug|Any CPU
		{5D6AC85D-249B-4F0F-8ED9-3E5C571857A6}.Debug|Any CPU.Build.0 = Debug|Any CPU
		{5D6AC85D-249B-4F0F-8ED9-3E5C571857A6}.Release|Any CPU.ActiveCfg = Release|Any CPU
		{5D6AC85D-249B-4F0F-8ED9-3E5C571857A6}.Release|Any CPU.Build.0 = Release|Any CPU
		{3A3F5A06-239F-4995-AC98-29018B3E6357}.Debug|Any CPU.ActiveCfg = Debug|Any CPU
		{3A3F5A06-239F-4995-AC98-29018B3E6357}.Debug|Any CPU.Build.0 = Debug|Any CPU
		{3A3F5A06-239F-4995-AC98-29018B3E6357}.Release|Any CPU.ActiveCfg = Release|Any CPU
		{3A3F5A06-239F-4995-AC98-29018B3E6357}.Release|Any CPU.Build.0 = Release|Any CPU
		{A4C03B08-C072-49F0-A7A0-C823416E8ED1}.Debug|Any CPU.ActiveCfg = Debug|Any CPU
		{A4C03B08-C072-49F0-A7A0-C823416E8ED1}.Debug|Any CPU.Build.0 = Debug|Any CPU
		{A4C03B08-C072-49F0-A7A0-C823416E8ED1}.Release|Any CPU.ActiveCfg = Release|Any CPU
		{A4C03B08-C072-49F0-A7A0-C823416E8ED1}.Release|Any CPU.Build.0 = Release|Any CPU
		{77C2C77A-C0F6-46B7-B403-FC0DEAF77226}.Debug|Any CPU.ActiveCfg = Debug|Any CPU
		{77C2C77A-C0F6-46B7-B403-FC0DEAF77226}.Debug|Any CPU.Build.0 = Debug|Any CPU
		{77C2C77A-C0F6-46B7-B403-FC0DEAF77226}.Release|Any CPU.ActiveCfg = Release|Any CPU
		{77C2C77A-C0F6-46B7-B403-FC0DEAF77226}.Release|Any CPU.Build.0 = Release|Any CPU
		{C34C0A5F-D0D0-45D5-82A6-B9D008C25275}.Debug|Any CPU.ActiveCfg = Debug|Any CPU
		{C34C0A5F-D0D0-45D5-82A6-B9D008C25275}.Debug|Any CPU.Build.0 = Debug|Any CPU
		{C34C0A5F-D0D0-45D5-82A6-B9D008C25275}.Release|Any CPU.ActiveCfg = Release|Any CPU
		{C34C0A5F-D0D0-45D5-82A6-B9D008C25275}.Release|Any CPU.Build.0 = Release|Any CPU
		{39E9D2B0-6006-4E8A-AAD6-7CB8302F3A9F}.Debug|Any CPU.ActiveCfg = Debug|Any CPU
		{39E9D2B0-6006-4E8A-AAD6-7CB8302F3A9F}.Debug|Any CPU.Build.0 = Debug|Any CPU
		{39E9D2B0-6006-4E8A-AAD6-7CB8302F3A9F}.Release|Any CPU.ActiveCfg = Release|Any CPU
		{39E9D2B0-6006-4E8A-AAD6-7CB8302F3A9F}.Release|Any CPU.Build.0 = Release|Any CPU
		{3CDDB313-5A19-4DDA-9123-F5D72901BDEC}.Debug|Any CPU.ActiveCfg = Debug|Any CPU
		{3CDDB313-5A19-4DDA-9123-F5D72901BDEC}.Debug|Any CPU.Build.0 = Debug|Any CPU
		{3CDDB313-5A19-4DDA-9123-F5D72901BDEC}.Release|Any CPU.ActiveCfg = Release|Any CPU
		{3CDDB313-5A19-4DDA-9123-F5D72901BDEC}.Release|Any CPU.Build.0 = Release|Any CPU
		{6534170D-5595-4B3A-9A5A-C0BD8D8609A8}.Debug|Any CPU.ActiveCfg = Debug|Any CPU
		{6534170D-5595-4B3A-9A5A-C0BD8D8609A8}.Debug|Any CPU.Build.0 = Debug|Any CPU
		{6534170D-5595-4B3A-9A5A-C0BD8D8609A8}.Release|Any CPU.ActiveCfg = Release|Any CPU
		{6534170D-5595-4B3A-9A5A-C0BD8D8609A8}.Release|Any CPU.Build.0 = Release|Any CPU
		{8FBE88AA-952B-4667-9112-7ED42CF35AE1}.Debug|Any CPU.ActiveCfg = Debug|Any CPU
		{8FBE88AA-952B-4667-9112-7ED42CF35AE1}.Debug|Any CPU.Build.0 = Debug|Any CPU
		{8FBE88AA-952B-4667-9112-7ED42CF35AE1}.Release|Any CPU.ActiveCfg = Release|Any CPU
		{8FBE88AA-952B-4667-9112-7ED42CF35AE1}.Release|Any CPU.Build.0 = Release|Any CPU
		{3307009F-4813-472A-8F8D-5A4561E7EC18}.Debug|Any CPU.ActiveCfg = Debug|Any CPU
		{3307009F-4813-472A-8F8D-5A4561E7EC18}.Debug|Any CPU.Build.0 = Debug|Any CPU
		{3307009F-4813-472A-8F8D-5A4561E7EC18}.Release|Any CPU.ActiveCfg = Release|Any CPU
		{3307009F-4813-472A-8F8D-5A4561E7EC18}.Release|Any CPU.Build.0 = Release|Any CPU
		{AE35F421-CFF0-43D8-AC15-D0DE3F64C51A}.Debug|Any CPU.ActiveCfg = Debug|Any CPU
		{AE35F421-CFF0-43D8-AC15-D0DE3F64C51A}.Debug|Any CPU.Build.0 = Debug|Any CPU
		{AE35F421-CFF0-43D8-AC15-D0DE3F64C51A}.Release|Any CPU.ActiveCfg = Release|Any CPU
		{AE35F421-CFF0-43D8-AC15-D0DE3F64C51A}.Release|Any CPU.Build.0 = Release|Any CPU
		{16DCD1B4-F480-4124-8709-90273471479B}.Debug|Any CPU.ActiveCfg = Debug|Any CPU
		{16DCD1B4-F480-4124-8709-90273471479B}.Debug|Any CPU.Build.0 = Debug|Any CPU
		{16DCD1B4-F480-4124-8709-90273471479B}.Release|Any CPU.ActiveCfg = Release|Any CPU
		{16DCD1B4-F480-4124-8709-90273471479B}.Release|Any CPU.Build.0 = Release|Any CPU
		{95685E1A-CE5E-4D0C-93FC-CE30554E06E6}.Debug|Any CPU.ActiveCfg = Debug|Any CPU
		{95685E1A-CE5E-4D0C-93FC-CE30554E06E6}.Debug|Any CPU.Build.0 = Debug|Any CPU
		{95685E1A-CE5E-4D0C-93FC-CE30554E06E6}.Release|Any CPU.ActiveCfg = Release|Any CPU
		{95685E1A-CE5E-4D0C-93FC-CE30554E06E6}.Release|Any CPU.Build.0 = Release|Any CPU
	EndGlobalSection
	GlobalSection(SolutionProperties) = preSolution
		HideSolutionNode = FALSE
	EndGlobalSection
EndGlobal
